{
  "nodes": {
    "flakelite": {
      "inputs": {
        "nixpkgs": "nixpkgs"
      },
      "locked": {
        "lastModified": 1682183581,
        "narHash": "sha256-BvQtXcsf9LAulqxSF17PSFtpQeA5AcJMKzip7zvnWaU=",
        "owner": "accelbread",
        "repo": "flakelite",
        "rev": "7940d0c53f171f95916c30a98eddef451458c4db",
        "type": "github"
      },
      "original": {
        "owner": "accelbread",
        "repo": "flakelite",
        "type": "github"
      }
    },
    "nixpkgs": {
      "locked": {
        "lastModified": 1680665430,
        "narHash": "sha256-MTVhTukwza1Jlq2gECITZPFnhROmylP2uv3O3cSqQCE=",
        "owner": "NixOS",
        "repo": "nixpkgs",
        "rev": "5233fd2ba76a3accb5aaa999c00509a11fd0793c",
        "type": "github"
      },
      "original": {
        "id": "nixpkgs",
        "ref": "nixos-22.11",
        "type": "indirect"
      }
    },
    "root": {
      "inputs": {
        "flakelite": "flakelite"
      }
    }
  },
  "root": "root",
  "version": 7
}
