{
  "nodes": {
    "flakelite": {
      "inputs": {
        "nixpkgs": "nixpkgs"
      },
      "locked": {
        "lastModified": 1681438798,
        "narHash": "sha256-vjNrTLVSA7rVeIBig3iKQjruU3lEA/uNaiqXE2dJLYA=",
        "owner": "accelbread",
        "repo": "flakelite",
        "rev": "dab3eb948d9ed9f2ca2e6acd57ec4a57da01cf21",
        "type": "github"
      },
      "original": {
        "owner": "accelbread",
        "repo": "flakelite",
        "type": "github"
      }
    },
    "nixpkgs": {
      "locked": {
        "lastModified": 1680665430,
        "narHash": "sha256-MTVhTukwza1Jlq2gECITZPFnhROmylP2uv3O3cSqQCE=",
        "owner": "NixOS",
        "repo": "nixpkgs",
        "rev": "5233fd2ba76a3accb5aaa999c00509a11fd0793c",
        "type": "github"
      },
      "original": {
        "id": "nixpkgs",
        "ref": "nixos-22.11",
        "type": "indirect"
      }
    },
    "root": {
      "inputs": {
        "flakelite": "flakelite"
      }
    }
  },
  "root": "root",
  "version": 7
}
